
Microsoft Visual Studio Solution File, Format Version 12.00
# Visual Studio Version 17
VisualStudioVersion = 17.7.34031.279
MinimumVisualStudioVersion = 10.0.40219.1
Project("{FAE04EC0-301F-11D3-BF4B-00C04F79EFBC}") = "WPF_Quiz", "WPF_Quiz\WPF_Quiz.csproj", "{AFBE6E15-DF31-4711-8AA5-3DBD9D9431C8}"
EndProject
Global
	GlobalSection(SolutionConfigurationPlatforms) = preSolution
		Debug|Any CPU = Debug|Any CPU
		Release|Any CPU = Release|Any CPU
	EndGlobalSection
	GlobalSection(ProjectConfigurationPlatforms) = postSolution
		{AFBE6E15-DF31-4711-8AA5-3DBD9D9431C8}.Debug|Any CPU.ActiveCfg = Debug|Any CPU
		{AFBE6E15-DF31-4711-8AA5-3DBD9D9431C8}.Debug|Any CPU.Build.0 = Debug|Any CPU
		{AFBE6E15-DF31-4711-8AA5-3DBD9D9431C8}.Release|Any CPU.ActiveCfg = Release|Any CPU
		{AFBE6E15-DF31-4711-8AA5-3DBD9D9431C8}.Release|Any CPU.Build.0 = Release|Any CPU
	EndGlobalSection
	GlobalSection(SolutionProperties) = preSolution
		HideSolutionNode = FALSE
	EndGlobalSection
	GlobalSection(ExtensibilityGlobals) = postSolution
		SolutionGuid = {146E314E-FF08-43F0-8B63-8452F8B73B75}
	EndGlobalSection
EndGlobal
